
Microsoft Visual Studio Solution File, Format Version 12.00
# Visual Studio Version 16
VisualStudioVersion = 16.0.30413.136
MinimumVisualStudioVersion = 10.0.40219.1
Project("{FAE04EC0-301F-11D3-BF4B-00C04F79EFBC}") = "WebApplicationLogin", "WebApplicationLogin\WebApplicationLogin.csproj", "{9133DC7B-E1C2-4066-B7CE-718C5C676AD7}"
EndProject
Global
	GlobalSection(SolutionConfigurationPlatforms) = preSolution
		Debug|Any CPU = Debug|Any CPU
		Release|Any CPU = Release|Any CPU
	EndGlobalSection
	GlobalSection(ProjectConfigurationPlatforms) = postSolution
		{9133DC7B-E1C2-4066-B7CE-718C5C676AD7}.Debug|Any CPU.ActiveCfg = Debug|Any CPU
		{9133DC7B-E1C2-4066-B7CE-718C5C676AD7}.Debug|Any CPU.Build.0 = Debug|Any CPU
		{9133DC7B-E1C2-4066-B7CE-718C5C676AD7}.Release|Any CPU.ActiveCfg = Release|Any CPU
		{9133DC7B-E1C2-4066-B7CE-718C5C676AD7}.Release|Any CPU.Build.0 = Release|Any CPU
	EndGlobalSection
	GlobalSection(SolutionProperties) = preSolution
		HideSolutionNode = FALSE
	EndGlobalSection
	GlobalSection(ExtensibilityGlobals) = postSolution
		SolutionGuid = {79E195AA-8244-4D71-A8A7-4F16FD3A2198}
	EndGlobalSection
EndGlobal
